{
  "name": "browser-spice",
  "version": "0.1.0",
  "lockfileVersion": 3,
  "requires": true,
  "packages": {
    "": {
      "name": "browser-spice",
      "version": "0.1.0",
      "hasInstallScript": true,
      "dependencies": {
        "eecircuit-engine": "1.8.0"
      }
    },
    "node_modules/eecircuit-engine": {
      "version": "1.8.0",
      "resolved": "https://registry.npmjs.org/eecircuit-engine/-/eecircuit-engine-1.8.0.tgz",
      "integrity": "sha512-surzfC0ZZYRN9X3sRN4w5RqTUypoEArTyMQJTXnBLguH10G+QKLp2LveXHybxyTZPLZVPTfahVw6J8U2caf1vg==",
      "license": "MIT"
    }
  }
}
